// !$*UTF8*$!
{
	archiveVersion = 1;
	classes = {
	};
	objectVersion = 77;
	objects = {

/* Begin PBXBuildFile section */
		000000000000000000000001 /* MacAssistantApp.swift in Sources */ = {isa = PBXBuildFile; fileRef = 000000000000000000000101 /* MacAssistantApp.swift */; };
		000000000000000000000002 /* OpenClawChatUI in Frameworks */ = {isa = PBXBuildFile; productRef = 000000000000000000000901 /* OpenClawChatUI */; };
		000000000000000000000003 /* OpenClawKit in Frameworks */ = {isa = PBXBuildFile; productRef = 000000000000000000000902 /* OpenClawKit */; };
		000000000000000000000004 /* OpenClawProtocol in Frameworks */ = {isa = PBXBuildFile; productRef = 000000000000000000000903 /* OpenClawProtocol */; };
		000000000000000000000005 /* ConversationLogger.swift in Sources */ = {isa = PBXBuildFile; fileRef = 000000000000000000000103 /* ConversationLogger.swift */; };
		000000000000000000000006 /* OpenClawHealthChecker.swift in Sources */ = {isa = PBXBuildFile; fileRef = 000000000000000000000104 /* OpenClawHealthChecker.swift */; };
		000000000000000000000007 /* UserPreferenceStore.swift in Sources */ = {isa = PBXBuildFile; fileRef = 000000000000000000000105 /* UserPreferenceStore.swift */; };
		000000000000000000000008 /* openclaw-runtime in Resources */ = {isa = PBXBuildFile; fileRef = 000000000000000000000106 /* openclaw-runtime */; };
/* End PBXBuildFile section */

/* Begin PBXFileReference section */
		000000000000000000000100 /* MacAssistant.app */ = {isa = PBXFileReference; explicitFileType = wrapper.application; includeInIndex = 0; path = MacAssistant.app; sourceTree = BUILT_PRODUCTS_DIR; };
		000000000000000000000101 /* MacAssistantApp.swift */ = {isa = PBXFileReference; lastKnownFileType = sourcecode.swift; path = MacAssistantApp.swift; sourceTree = "<group>"; };
		000000000000000000000102 /* Info.plist */ = {isa = PBXFileReference; lastKnownFileType = text.plist.xml; path = Info.plist; sourceTree = "<group>"; };
		000000000000000000000103 /* ConversationLogger.swift */ = {isa = PBXFileReference; lastKnownFileType = sourcecode.swift; path = ConversationLogger.swift; sourceTree = "<group>"; };
		000000000000000000000104 /* OpenClawHealthChecker.swift */ = {isa = PBXFileReference; lastKnownFileType = sourcecode.swift; path = OpenClawHealthChecker.swift; sourceTree = "<group>"; };
		000000000000000000000105 /* UserPreferenceStore.swift */ = {isa = PBXFileReference; lastKnownFileType = sourcecode.swift; path = UserPreferenceStore.swift; sourceTree = "<group>"; };
		000000000000000000000106 /* openclaw-runtime */ = {isa = PBXFileReference; lastKnownFileType = folder; path = "Resources/openclaw-runtime"; sourceTree = "<group>"; };
/* End PBXFileReference section */

/* Begin PBXFileSystemSynchronizedRootGroup section */
		000000000000000000000201 /* AutoAgent */ = {
			isa = PBXFileSystemSynchronizedRootGroup;
			path = AutoAgent;
			sourceTree = "<group>";
		};
		000000000000000000000202 /* Distillation */ = {
			isa = PBXFileSystemSynchronizedRootGroup;
			path = Distillation;
			sourceTree = "<group>";
		};
		000000000000000000000203 /* Models */ = {
			isa = PBXFileSystemSynchronizedRootGroup;
			path = Models;
			sourceTree = "<group>";
		};
		000000000000000000000204 /* Services */ = {
			isa = PBXFileSystemSynchronizedRootGroup;
			path = Services;
			sourceTree = "<group>";
		};
		000000000000000000000205 /* Skills */ = {
			isa = PBXFileSystemSynchronizedRootGroup;
			path = Skills;
			sourceTree = "<group>";
		};
		000000000000000000000206 /* Storage */ = {
			isa = PBXFileSystemSynchronizedRootGroup;
			path = Storage;
			sourceTree = "<group>";
		};
		000000000000000000000207 /* Utils */ = {
			isa = PBXFileSystemSynchronizedRootGroup;
			path = Utils;
			sourceTree = "<group>";
		};
		000000000000000000000208 /* Views */ = {
			isa = PBXFileSystemSynchronizedRootGroup;
			path = Views;
			sourceTree = "<group>";
		};
/* End PBXFileSystemSynchronizedRootGroup section */

/* Begin PBXFrameworksBuildPhase section */
		000000000000000000000400 /* Frameworks */ = {
			isa = PBXFrameworksBuildPhase;
			buildActionMask = 2147483647;
			files = (
				000000000000000000000002 /* OpenClawChatUI in Frameworks */,
				000000000000000000000003 /* OpenClawKit in Frameworks */,
				000000000000000000000004 /* OpenClawProtocol in Frameworks */,
			);
			runOnlyForDeploymentPostprocessing = 0;
		};
/* End PBXFrameworksBuildPhase section */

/* Begin PBXGroup section */
		000000000000000000000300 = {
			isa = PBXGroup;
			children = (
				000000000000000000000301 /* MacAssistant */,
				000000000000000000000302 /* Products */,
			);
			sourceTree = "<group>";
		};
		000000000000000000000301 /* MacAssistant */ = {
			isa = PBXGroup;
			children = (
				000000000000000000000101 /* MacAssistantApp.swift */,
				000000000000000000000303 /* Analytics */,
				000000000000000000000201 /* AutoAgent */,
				000000000000000000000202 /* Distillation */,
				000000000000000000000203 /* Models */,
				000000000000000000000204 /* Services */,
				000000000000000000000205 /* Skills */,
				000000000000000000000206 /* Storage */,
				000000000000000000000207 /* Utils */,
				000000000000000000000208 /* Views */,
				000000000000000000000106 /* openclaw-runtime */,
				000000000000000000000102 /* Info.plist */,
			);
			path = MacAssistant;
			sourceTree = "<group>";
		};
		000000000000000000000302 /* Products */ = {
			isa = PBXGroup;
			children = (
				000000000000000000000100 /* MacAssistant.app */,
			);
			name = Products;
			sourceTree = "<group>";
		};
		000000000000000000000303 /* Analytics */ = {
			isa = PBXGroup;
			children = (
				000000000000000000000103 /* ConversationLogger.swift */,
				000000000000000000000104 /* OpenClawHealthChecker.swift */,
				000000000000000000000105 /* UserPreferenceStore.swift */,
			);
			path = Analytics;
			sourceTree = "<group>";
		};
/* End PBXGroup section */

/* Begin PBXNativeTarget section */
		000000000000000000000500 /* MacAssistant */ = {
			isa = PBXNativeTarget;
			buildConfigurationList = 000000000000000000000A00 /* Build configuration list for PBXNativeTarget "MacAssistant" */;
			buildPhases = (
				000000000000000000000800 /* Sources */,
				000000000000000000000400 /* Frameworks */,
				000000000000000000000700 /* Resources */,
			);
			buildRules = (
			);
			dependencies = (
			);
			fileSystemSynchronizedGroups = (
				000000000000000000000201 /* AutoAgent */,
				000000000000000000000202 /* Distillation */,
				000000000000000000000203 /* Models */,
				000000000000000000000204 /* Services */,
				000000000000000000000205 /* Skills */,
				000000000000000000000206 /* Storage */,
				000000000000000000000207 /* Utils */,
				000000000000000000000208 /* Views */,
			);
			name = MacAssistant;
			packageProductDependencies = (
				000000000000000000000901 /* OpenClawChatUI */,
				000000000000000000000902 /* OpenClawKit */,
				000000000000000000000903 /* OpenClawProtocol */,
			);
			productName = MacAssistant;
			productReference = 000000000000000000000100 /* MacAssistant.app */;
			productType = "com.apple.product-type.application";
		};
/* End PBXNativeTarget section */

/* Begin PBXProject section */
		000000000000000000000600 /* Project object */ = {
			isa = PBXProject;
			attributes = {
				BuildIndependentTargetsInParallel = 1;
				LastSwiftUpdateCheck = 1640;
				LastUpgradeCheck = 1640;
				TargetAttributes = {
					000000000000000000000500 = {
						CreatedOnToolsVersion = 16.4;
					};
				};
			};
			buildConfigurationList = 000000000000000000000B00 /* Build configuration list for PBXProject "MacAssistant" */;
			compatibilityVersion = "Xcode 16.0";
			developmentRegion = en;
			hasScannedForEncodings = 0;
			knownRegions = (
				en,
				Base,
			);
			mainGroup = 000000000000000000000300;
			minimizedProjectReferenceProxies = 1;
			packageReferences = (
				000000000000000000000900 /* OpenClawKit */,
			);
			preferredProjectObjectVersion = 77;
			productRefGroup = 000000000000000000000302 /* Products */;
			projectDirPath = "";
			projectRoot = "";
			targets = (
				000000000000000000000500 /* MacAssistant */,
			);
		};
/* End PBXProject section */

/* Begin PBXResourcesBuildPhase section */
		000000000000000000000700 /* Resources */ = {
			isa = PBXResourcesBuildPhase;
			buildActionMask = 2147483647;
			files = (
				000000000000000000000008 /* openclaw-runtime in Resources */,
			);
			runOnlyForDeploymentPostprocessing = 0;
		};
/* End PBXResourcesBuildPhase section */

/* Begin PBXSourcesBuildPhase section */
		000000000000000000000800 /* Sources */ = {
			isa = PBXSourcesBuildPhase;
			buildActionMask = 2147483647;
			files = (
				000000000000000000000001 /* MacAssistantApp.swift in Sources */,
				000000000000000000000005 /* ConversationLogger.swift in Sources */,
				000000000000000000000006 /* OpenClawHealthChecker.swift in Sources */,
				000000000000000000000007 /* UserPreferenceStore.swift in Sources */,
			);
			runOnlyForDeploymentPostprocessing = 0;
		};
/* End PBXSourcesBuildPhase section */

/* Begin XCLocalSwiftPackageReference section */
		000000000000000000000900 /* OpenClawKit */ = {
			isa = XCLocalSwiftPackageReference;
			relativePath = ../../openclaw-core/apps/shared/OpenClawKit;
		};
/* End XCLocalSwiftPackageReference section */

/* Begin XCSwiftPackageProductDependency section */
		000000000000000000000901 /* OpenClawChatUI */ = {
			isa = XCSwiftPackageProductDependency;
			package = 000000000000000000000900 /* OpenClawKit */;
			productName = OpenClawChatUI;
		};
		000000000000000000000902 /* OpenClawKit */ = {
			isa = XCSwiftPackageProductDependency;
			package = 000000000000000000000900 /* OpenClawKit */;
			productName = OpenClawKit;
		};
		000000000000000000000903 /* OpenClawProtocol */ = {
			isa = XCSwiftPackageProductDependency;
			package = 000000000000000000000900 /* OpenClawKit */;
			productName = OpenClawProtocol;
		};
/* End XCSwiftPackageProductDependency section */

/* Begin XCBuildConfiguration section */
		000000000000000000000C00 /* Debug */ = {
			isa = XCBuildConfiguration;
			buildSettings = {
				ALWAYS_SEARCH_USER_PATHS = NO;
				ASSETCATALOG_COMPILER_GENERATE_SWIFT_ASSET_SYMBOL_EXTENSIONS = YES;
				CLANG_ANALYZER_NONNULL = YES;
				CLANG_ANALYZER_NUMBER_OBJECT_CONVERSION = YES_AGGRESSIVE;
				CLANG_CXX_LANGUAGE_STANDARD = "gnu++20";
				CLANG_ENABLE_MODULES = YES;
				CLANG_ENABLE_OBJC_ARC = YES;
				CLANG_ENABLE_OBJC_WEAK = YES;
				CLANG_WARN_BLOCK_CAPTURE_AUTORELEASING = YES;
				CLANG_WARN_BOOL_CONVERSION = YES;
				CLANG_WARN_COMMA = YES;
				CLANG_WARN_CONSTANT_CONVERSION = YES;
				CLANG_WARN_DEPRECATED_OBJC_IMPLEMENTATIONS = YES;
				CLANG_WARN_DIRECT_OBJC_ISA_USAGE = YES_ERROR;
				CLANG_WARN_DOCUMENTATION_COMMENTS = YES;
				CLANG_WARN_EMPTY_BODY = YES;
				CLANG_WARN_ENUM_CONVERSION = YES;
				CLANG_WARN_INFINITE_RECURSION = YES;
				CLANG_WARN_INT_CONVERSION = YES;
				CLANG_WARN_NON_LITERAL_NULL_CONVERSION = YES;
				CLANG_WARN_OBJC_IMPLICIT_RETAIN_SELF = YES;
				CLANG_WARN_OBJC_LITERAL_CONVERSION = YES;
				CLANG_WARN_OBJC_ROOT_CLASS = YES_ERROR;
				CLANG_WARN_QUOTED_INCLUDE_IN_FRAMEWORK_HEADER = YES;
				CLANG_WARN_RANGE_LOOP_ANALYSIS = YES;
				CLANG_WARN_STRICT_PROTOTYPES = YES;
				CLANG_WARN_SUSPICIOUS_MOVE = YES;
				CLANG_WARN_UNGUARDED_AVAILABILITY = YES_AGGRESSIVE;
				CLANG_WARN_UNREACHABLE_CODE = YES;
				CLANG_WARN__DUPLICATE_METHOD_MATCH = YES;
				COPY_PHASE_STRIP = NO;
				DEBUG_INFORMATION_FORMAT = dwarf;
				ENABLE_STRICT_OBJC_MSGSEND = YES;
				ENABLE_TESTABILITY = YES;
				ENABLE_USER_SCRIPT_SANDBOXING = NO;
				GCC_C_LANGUAGE_STANDARD = gnu17;
				GCC_DYNAMIC_NO_PIC = NO;
				GCC_NO_COMMON_BLOCKS = YES;
				GCC_OPTIMIZATION_LEVEL = 0;
				GCC_PREPROCESSOR_DEFINITIONS = (
					"DEBUG=1",
					"$(inherited)",
				);
				GCC_WARN_64_TO_32_BIT_CONVERSION = YES;
				GCC_WARN_ABOUT_RETURN_TYPE = YES_ERROR;
				GCC_WARN_UNDECLARED_SELECTOR = YES;
				GCC_WARN_UNINITIALIZED_AUTOS = YES_AGGRESSIVE;
				GCC_WARN_UNUSED_FUNCTION = YES;
				GCC_WARN_UNUSED_VARIABLE = YES;
				LOCALIZATION_PREFERS_STRING_CATALOGS = YES;
				MACOSX_DEPLOYMENT_TARGET = 15.0;
				MTL_ENABLE_DEBUG_INFO = INCLUDE_SOURCE;
				MTL_FAST_MATH = YES;
				ONLY_ACTIVE_ARCH = YES;
				SDKROOT = macosx;
				SWIFT_ACTIVE_COMPILATION_CONDITIONS = "DEBUG $(inherited)";
				SWIFT_OPTIMIZATION_LEVEL = "-Onone";
			};
			name = Debug;
		};
		000000000000000000000C01 /* Release */ = {
			isa = XCBuildConfiguration;
			buildSettings = {
				ALWAYS_SEARCH_USER_PATHS = NO;
				ASSETCATALOG_COMPILER_GENERATE_SWIFT_ASSET_SYMBOL_EXTENSIONS = YES;
				CLANG_ANALYZER_NONNULL = YES;
				CLANG_ANALYZER_NUMBER_OBJECT_CONVERSION = YES_AGGRESSIVE;
				CLANG_CXX_LANGUAGE_STANDARD = "gnu++20";
				CLANG_ENABLE_MODULES = YES;
				CLANG_ENABLE_OBJC_ARC = YES;
				CLANG_ENABLE_OBJC_WEAK = YES;
				CLANG_WARN_BLOCK_CAPTURE_AUTORELEASING = YES;
				CLANG_WARN_BOOL_CONVERSION = YES;
				CLANG_WARN_COMMA = YES;
				CLANG_WARN_CONSTANT_CONVERSION = YES;
				CLANG_WARN_DEPRECATED_OBJC_IMPLEMENTATIONS = YES;
				CLANG_WARN_DIRECT_OBJC_ISA_USAGE = YES_ERROR;
				CLANG_WARN_DOCUMENTATION_COMMENTS = YES;
				CLANG_WARN_EMPTY_BODY = YES;
				CLANG_WARN_ENUM_CONVERSION = YES;
				CLANG_WARN_INFINITE_RECURSION = YES;
				CLANG_WARN_INT_CONVERSION = YES;
				CLANG_WARN_NON_LITERAL_NULL_CONVERSION = YES;
				CLANG_WARN_OBJC_IMPLICIT_RETAIN_SELF = YES;
				CLANG_WARN_OBJC_LITERAL_CONVERSION = YES;
				CLANG_WARN_OBJC_ROOT_CLASS = YES_ERROR;
				CLANG_WARN_QUOTED_INCLUDE_IN_FRAMEWORK_HEADER = YES;
				CLANG_WARN_RANGE_LOOP_ANALYSIS = YES;
				CLANG_WARN_STRICT_PROTOTYPES = YES;
				CLANG_WARN_SUSPICIOUS_MOVE = YES;
				CLANG_WARN_UNGUARDED_AVAILABILITY = YES_AGGRESSIVE;
				CLANG_WARN_UNREACHABLE_CODE = YES;
				CLANG_WARN__DUPLICATE_METHOD_MATCH = YES;
				COPY_PHASE_STRIP = NO;
				DEBUG_INFORMATION_FORMAT = "dwarf-with-dsym";
				ENABLE_NS_ASSERTIONS = NO;
				ENABLE_STRICT_OBJC_MSGSEND = YES;
				ENABLE_USER_SCRIPT_SANDBOXING = NO;
				GCC_C_LANGUAGE_STANDARD = gnu17;
				GCC_NO_COMMON_BLOCKS = YES;
				GCC_WARN_64_TO_32_BIT_CONVERSION = YES;
				GCC_WARN_ABOUT_RETURN_TYPE = YES_ERROR;
				GCC_WARN_UNDECLARED_SELECTOR = YES;
				GCC_WARN_UNINITIALIZED_AUTOS = YES_AGGRESSIVE;
				GCC_WARN_UNUSED_FUNCTION = YES;
				GCC_WARN_UNUSED_VARIABLE = YES;
				LOCALIZATION_PREFERS_STRING_CATALOGS = YES;
				MACOSX_DEPLOYMENT_TARGET = 15.0;
				MTL_ENABLE_DEBUG_INFO = NO;
				MTL_FAST_MATH = YES;
				SDKROOT = macosx;
				SWIFT_COMPILATION_MODE = wholemodule;
			};
			name = Release;
		};
		000000000000000000000D00 /* Debug */ = {
			isa = XCBuildConfiguration;
			buildSettings = {
				ASSETCATALOG_COMPILER_APPICON_NAME = AppIcon;
				ASSETCATALOG_COMPILER_GLOBAL_ACCENT_COLOR_NAME = AccentColor;
				CODE_SIGN_ENTITLEMENTS = "";
				CODE_SIGN_IDENTITY = "-";
				CODE_SIGN_STYLE = Automatic;
				COMBINE_HIDPI_IMAGES = YES;
				CURRENT_PROJECT_VERSION = 1;
				DEVELOPMENT_ASSET_PATHS = "";
				ENABLE_HARDENED_RUNTIME = NO;
				ENABLE_PREVIEWS = YES;
				GENERATE_INFOPLIST_FILE = NO;
				INFOPLIST_FILE = MacAssistant/Info.plist;
				INFOPLIST_KEY_LSApplicationCategoryType = "public.app-category.utilities";
				INFOPLIST_KEY_LSUIElement = YES;
				LD_RUNPATH_SEARCH_PATHS = (
					"$(inherited)",
					"@executable_path/../Frameworks",
				);
				MACOSX_DEPLOYMENT_TARGET = 15.0;
				MARKETING_VERSION = 4.0;
				PRODUCT_BUNDLE_IDENTIFIER = com.macassistant.autov4;
				PRODUCT_NAME = "$(TARGET_NAME)";
				SWIFT_EMIT_LOC_STRINGS = YES;
				SWIFT_VERSION = 5.0;
			};
			name = Debug;
		};
		000000000000000000000D01 /* Release */ = {
			isa = XCBuildConfiguration;
			buildSettings = {
				ASSETCATALOG_COMPILER_APPICON_NAME = AppIcon;
				ASSETCATALOG_COMPILER_GLOBAL_ACCENT_COLOR_NAME = AccentColor;
				CODE_SIGN_ENTITLEMENTS = "";
				CODE_SIGN_IDENTITY = "-";
				CODE_SIGN_STYLE = Automatic;
				COMBINE_HIDPI_IMAGES = YES;
				CURRENT_PROJECT_VERSION = 1;
				DEVELOPMENT_ASSET_PATHS = "";
				ENABLE_HARDENED_RUNTIME = NO;
				ENABLE_PREVIEWS = YES;
				GENERATE_INFOPLIST_FILE = NO;
				INFOPLIST_FILE = MacAssistant/Info.plist;
				INFOPLIST_KEY_LSApplicationCategoryType = "public.app-category.utilities";
				INFOPLIST_KEY_LSUIElement = YES;
				LD_RUNPATH_SEARCH_PATHS = (
					"$(inherited)",
					"@executable_path/../Frameworks",
				);
				MACOSX_DEPLOYMENT_TARGET = 15.0;
				MARKETING_VERSION = 4.0;
				PRODUCT_BUNDLE_IDENTIFIER = com.macassistant.autov4;
				PRODUCT_NAME = "$(TARGET_NAME)";
				SWIFT_EMIT_LOC_STRINGS = YES;
				SWIFT_VERSION = 5.0;
			};
			name = Release;
		};
/* End XCBuildConfiguration section */

/* Begin XCConfigurationList section */
		000000000000000000000A00 /* Build configuration list for PBXNativeTarget "MacAssistant" */ = {
			isa = XCConfigurationList;
			buildConfigurations = (
				000000000000000000000D00 /* Debug */,
				000000000000000000000D01 /* Release */,
			);
			defaultConfigurationIsVisible = 0;
			defaultConfigurationName = Release;
		};
		000000000000000000000B00 /* Build configuration list for PBXProject "MacAssistant" */ = {
			isa = XCConfigurationList;
			buildConfigurations = (
				000000000000000000000C00 /* Debug */,
				000000000000000000000C01 /* Release */,
			);
			defaultConfigurationIsVisible = 0;
			defaultConfigurationName = Release;
		};
/* End XCConfigurationList section */
	};
	rootObject = 000000000000000000000600 /* Project object */;
}
